{
  "name": "betsson",
  "version": "1.0.0",
  "lockfileVersion": 1,
  "requires": true,
  "dependencies": {
    "@types/n-readlines": {
      "version": "1.0.1",
      "resolved": "https://registry.npmjs.org/@types/n-readlines/-/n-readlines-1.0.1.tgz",
      "integrity": "sha512-n1ND4k+9hgtil2HnHK+1tIj1UWchsD+RwoH7eVQqLbUe8AxwLuqDEnx3Riq+twHoMTjP80Q/ilB3LGdyXKfTEg==",
      "dev": true,
      "requires": {
        "@types/node": "*"
      }
    },
    "@types/node": {
      "version": "14.14.10",
      "resolved": "https://registry.npmjs.org/@types/node/-/node-14.14.10.tgz",
      "integrity": "sha512-J32dgx2hw8vXrSbu4ZlVhn1Nm3GbeCFNw2FWL8S5QKucHGY0cyNwjdQdO+KMBZ4wpmC7KhLCiNsdk1RFRIYUQQ=="
    },
    "@types/progress": {
      "version": "2.0.3",
      "resolved": "https://registry.npmjs.org/@types/progress/-/progress-2.0.3.tgz",
      "integrity": "sha512-bPOsfCZ4tsTlKiBjBhKnM8jpY5nmIll166IPD58D92hR7G7kZDfx5iB9wGF4NfZrdKolebjeAr3GouYkSGoJ/A==",
      "requires": {
        "@types/node": "*"
      }
    },
    "async-limiter": {
      "version": "1.0.1",
      "resolved": "https://registry.npmjs.org/async-limiter/-/async-limiter-1.0.1.tgz",
      "integrity": "sha512-csOlWGAcRFJaI6m+F2WKdnMKr4HhdhFVBk0H/QbJFMCr+uO2kwohwXQPxw/9OCxp05r5ghVBFSyioixx3gfkNQ=="
    },
    "core-js": {
      "version": "2.6.5",
      "resolved": "https://registry.npmjs.org/core-js/-/core-js-2.6.5.tgz",
      "integrity": "sha512-klh/kDpwX8hryYL14M9w/xei6vrv6sE8gTHDG7/T/+SEovB/G4ejwcfE/CBzO6Edsu+OETZMZ3wcX/EjUkrl5A=="
    },
    "deep-equal": {
      "version": "1.0.1",
      "resolved": "https://registry.npmjs.org/deep-equal/-/deep-equal-1.0.1.tgz",
      "integrity": "sha1-9dJgKStmDghO/0zbyfCK0yR0SLU="
    },
    "diffusion": {
      "version": "6.2.9",
      "resolved": "https://registry.npmjs.org/diffusion/-/diffusion-6.2.9.tgz",
      "integrity": "sha512-VfmVuEvO0ubmBcyGLYDNwJsx8m+66qepmnMYElYmsgs1tQL+IkK3y3Mjih1JoklK0XtJiZSBeyoKyhYWuEsVDA==",
      "requires": {
        "core-js": "2.6.5",
        "deep-equal": "1.0.1",
        "hashmap": "2.3.0",
        "inherits": "2.0.3",
        "loglevel": "1.4.0",
        "long": "2.2.5",
        "when": "3.7.3",
        "ws": "5.2.1"
      }
    },
    "hashmap": {
      "version": "2.3.0",
      "resolved": "https://registry.npmjs.org/hashmap/-/hashmap-2.3.0.tgz",
      "integrity": "sha1-sT+2XafIul49uPwbjFuh0ASdryI="
    },
    "inherits": {
      "version": "2.0.3",
      "resolved": "https://registry.npmjs.org/inherits/-/inherits-2.0.3.tgz",
      "integrity": "sha1-Yzwsg+PaQqUC9SRmAiSA9CCCYd4="
    },
    "loglevel": {
      "version": "1.4.0",
      "resolved": "https://registry.npmjs.org/loglevel/-/loglevel-1.4.0.tgz",
      "integrity": "sha1-g6ufxu8+DK91cbVxgrMtjYcDCdw="
    },
    "long": {
      "version": "2.2.5",
      "resolved": "https://registry.npmjs.org/long/-/long-2.2.5.tgz",
      "integrity": "sha1-Wihrb4bqgaKHINJwKUj93H1hMQ4="
    },
    "n-readlines": {
      "version": "1.0.1",
      "resolved": "https://registry.npmjs.org/n-readlines/-/n-readlines-1.0.1.tgz",
      "integrity": "sha512-z4SyAIVgMy7CkgsoNw7YVz40v0g4+WWvvqy8+ZdHrCtgevcEO758WQyrYcw3XPxcLxF+//RszTz/rO48nzD0wQ=="
    },
    "progress": {
      "version": "2.0.3",
      "resolved": "https://registry.npmjs.org/progress/-/progress-2.0.3.tgz",
      "integrity": "sha512-7PiHtLll5LdnKIMw100I+8xJXR5gW2QwWYkT6iJva0bXitZKa/XMrSbdmg3r2Xnaidz9Qumd0VPaMrZlF9V9sA=="
    },
    "when": {
      "version": "3.7.3",
      "resolved": "https://registry.npmjs.org/when/-/when-3.7.3.tgz",
      "integrity": "sha1-ohiaQIEoqZYq+w7iwnFjHQp29Es="
    },
    "ws": {
      "version": "5.2.1",
      "resolved": "https://registry.npmjs.org/ws/-/ws-5.2.1.tgz",
      "integrity": "sha512-2NkHdPKjDBj3CHdnAGNpmlliryKqF+n9MYXX7/wsVC4yqYocKreKNjydPDvT3wShAZnndlM0RytEfTALCDvz7A==",
      "requires": {
        "async-limiter": "~1.0.0"
      }
    }
  }
}
